
Microsoft Visual Studio Solution File, Format Version 12.00
# Visual Studio Version 17
VisualStudioVersion = 17.2.32526.322
MinimumVisualStudioVersion = 10.0.40219.1
Project("{FAE04EC0-301F-11D3-BF4B-00C04F79EFBC}") = "PocRedis", "PocRedis\PocRedis.csproj", "{380365BD-03C4-461E-88FF-9045F2A8D6AF}"
EndProject
Global
	GlobalSection(SolutionConfigurationPlatforms) = preSolution
		Debug|Any CPU = Debug|Any CPU
		Release|Any CPU = Release|Any CPU
	EndGlobalSection
	GlobalSection(ProjectConfigurationPlatforms) = postSolution
		{380365BD-03C4-461E-88FF-9045F2A8D6AF}.Debug|Any CPU.ActiveCfg = Debug|Any CPU
		{380365BD-03C4-461E-88FF-9045F2A8D6AF}.Debug|Any CPU.Build.0 = Debug|Any CPU
		{380365BD-03C4-461E-88FF-9045F2A8D6AF}.Release|Any CPU.ActiveCfg = Release|Any CPU
		{380365BD-03C4-461E-88FF-9045F2A8D6AF}.Release|Any CPU.Build.0 = Release|Any CPU
	EndGlobalSection
	GlobalSection(SolutionProperties) = preSolution
		HideSolutionNode = FALSE
	EndGlobalSection
	GlobalSection(ExtensibilityGlobals) = postSolution
		SolutionGuid = {790F500E-EA1E-43A4-8A1F-CC53915FA1BB}
	EndGlobalSection
EndGlobal
